PODS:
  - 1PasswordExtension (1.2)
  - AFNetworking (2.5.3):
    - AFNetworking/NSURLConnection (= 2.5.3)
    - AFNetworking/NSURLSession (= 2.5.3)
    - AFNetworking/Reachability (= 2.5.3)
    - AFNetworking/Security (= 2.5.3)
    - AFNetworking/Serialization (= 2.5.3)
    - AFNetworking/UIKit (= 2.5.3)
  - AFNetworking/NSURLConnection (2.5.3):
    - AFNetworking/Reachability
    - AFNetworking/Security
    - AFNetworking/Serialization
  - AFNetworking/NSURLSession (2.5.3):
    - AFNetworking/Reachability
    - AFNetworking/Security
    - AFNetworking/Serialization
  - AFNetworking/Reachability (2.5.3)
  - AFNetworking/Security (2.5.3)
  - AFNetworking/Serialization (2.5.3)
  - AFNetworking/UIKit (2.5.3):
    - AFNetworking/NSURLConnection
    - AFNetworking/NSURLSession
  - JSQMessagesViewController (7.0.1):
    - JSQSystemSoundPlayer (~> 2.0.1)
  - JSQSystemSoundPlayer (2.0.1)
  - JTCalendar (1.2.3)
  - Locksmith (1.2.1)
  - pop (1.0.7)
  - RKNotificationHub (1.0.5)
  - SVProgressHUD (1.1.3)
  - SwiftyUserDefaults (1.1.0)
  - UIImageView-Letters (1.1.1)
  - XCGLogger (2.0)

DEPENDENCIES:
  - 1PasswordExtension
  - AFNetworking (~> 2.0)
  - JSQMessagesViewController
  - JTCalendar
  - Locksmith
  - pop (~> 1.0)
  - RKNotificationHub
  - SVProgressHUD
  - SwiftyUserDefaults
  - UIImageView-Letters
  - XCGLogger

SPEC CHECKSUMS:
  1PasswordExtension: fcf300204bda5b5c78936dbb937a7d661f1ca796
  AFNetworking: e1d86c2a96bb5d2e7408da36149806706ee122fe
  JSQMessagesViewController: 03fba8a3021a3ddc1c91847f180ffe549f2e8cf2
  JSQSystemSoundPlayer: c5850e77a4363ffd374cd851154b9af93264ed8d
  JTCalendar: 246ea3e338fb97624846ec77cdcde448242c4d5c
  Locksmith: 770f6c5c6e5c5c712d1f00e709c62b8a7240c716
  pop: 628ffc631644601567ee8bfaaaea493ebd7d0923
  RKNotificationHub: 529ee3c92564738d3e489057968bfbc4ffd3e942
  SVProgressHUD: 748080e4f36e603f6c02aec292664239df5279c1
  SwiftyUserDefaults: ae600cd466daa1420a058d09aefbf45ccb6caf1e
  UIImageView-Letters: ea2b315919f0c50bb98999c3a3d7208db0c7064b
  XCGLogger: 90570901ddf86d5479672d61a1b0a639235b851a

COCOAPODS: 0.36.4
