// !$*UTF8*$!
{
	archiveVersion = 1;
	classes = {
	};
	objectVersion = 46;
	objects = {

/* Begin PBXBuildFile section */
		3012715A1AA5C83C00C23AEF /* MVNetworkingSessionFactory.swift in Sources */ = {isa = PBXBuildFile; fileRef = 301271591AA5C83C00C23AEF /* MVNetworkingSessionFactory.swift */; };
		30159BF91AD980010018419D /* ParticipantViewController.swift in Sources */ = {isa = PBXBuildFile; fileRef = 30159BF81AD980010018419D /* ParticipantViewController.swift */; };
		3016A03F1ADACFE800778769 /* InvitationViewController.swift in Sources */ = {isa = PBXBuildFile; fileRef = 3016A03E1ADACFE800778769 /* InvitationViewController.swift */; };
		3016A0411ADAE17000778769 /* InvitationCell.swift in Sources */ = {isa = PBXBuildFile; fileRef = 3016A0401ADAE17000778769 /* InvitationCell.swift */; };
		3020CBA51A9E1289005AAEEF /* AppDelegate.swift in Sources */ = {isa = PBXBuildFile; fileRef = 3020CBA41A9E1289005AAEEF /* AppDelegate.swift */; };
		3020CBA71A9E1289005AAEEF /* LoginViewController.swift in Sources */ = {isa = PBXBuildFile; fileRef = 3020CBA61A9E1289005AAEEF /* LoginViewController.swift */; };
		3020CBAA1A9E1289005AAEEF /* Main.storyboard in Resources */ = {isa = PBXBuildFile; fileRef = 3020CBA81A9E1289005AAEEF /* Main.storyboard */; };
		3020CBAC1A9E1289005AAEEF /* Images.xcassets in Resources */ = {isa = PBXBuildFile; fileRef = 3020CBAB1A9E1289005AAEEF /* Images.xcassets */; };
		3020CBAF1A9E1289005AAEEF /* LaunchScreen.xib in Resources */ = {isa = PBXBuildFile; fileRef = 3020CBAD1A9E1289005AAEEF /* LaunchScreen.xib */; };
		3020CBBB1A9E128A005AAEEF /* myVereinTests.swift in Sources */ = {isa = PBXBuildFile; fileRef = 3020CBBA1A9E128A005AAEEF /* myVereinTests.swift */; };
		302BE8C21AA642EB001D0FE7 /* DivisionChatCell.swift in Sources */ = {isa = PBXBuildFile; fileRef = 302BE8C11AA642EB001D0FE7 /* DivisionChatCell.swift */; };
		302BE8C41AA64599001D0FE7 /* DivisionChatOverviewViewController.swift in Sources */ = {isa = PBXBuildFile; fileRef = 302BE8C31AA64599001D0FE7 /* DivisionChatOverviewViewController.swift */; };
		3032A9F51AD70B9100EEEAF4 /* EventViewController.swift in Sources */ = {isa = PBXBuildFile; fileRef = 3032A9F41AD70B9100EEEAF4 /* EventViewController.swift */; };
		3035D66C1AC086E800C5C0FB /* MVColor.swift in Sources */ = {isa = PBXBuildFile; fileRef = 3035D66B1AC086E800C5C0FB /* MVColor.swift */; };
		303EB9551AD03BF500B14B2F /* EventRepository.swift in Sources */ = {isa = PBXBuildFile; fileRef = 303EB9541AD03BF500B14B2F /* EventRepository.swift */; };
		304C577F1AACA3CC00B221D7 /* MVSecurity.swift in Sources */ = {isa = PBXBuildFile; fileRef = 304C577E1AACA3CC00B221D7 /* MVSecurity.swift */; };
		3068A4A01ACBDD9F00A3F53D /* MVNetworkingSupportingClasses.swift in Sources */ = {isa = PBXBuildFile; fileRef = 3068A49F1ACBDD9F00A3F53D /* MVNetworkingSupportingClasses.swift */; };
		3068A4A21ACBE9A900A3F53D /* Event.swift in Sources */ = {isa = PBXBuildFile; fileRef = 3068A4A11ACBE9A900A3F53D /* Event.swift */; };
		3068A4A41ACBEDBA00A3F53D /* MVUserDefaultsConstants.swift in Sources */ = {isa = PBXBuildFile; fileRef = 3068A4A31ACBEDBA00A3F53D /* MVUserDefaultsConstants.swift */; };
		306FD7321AAA356000719B82 /* MVNetworkingHelper.swift in Sources */ = {isa = PBXBuildFile; fileRef = 306FD7311AAA356000719B82 /* MVNetworkingHelper.swift */; };
		306FD7341AAB0F4400719B82 /* MVError.swift in Sources */ = {isa = PBXBuildFile; fileRef = 306FD7331AAB0F4400719B82 /* MVError.swift */; };
		3079B1DA1AAF242600ACD793 /* MVHelper.swift in Sources */ = {isa = PBXBuildFile; fileRef = 3079B1D91AAF242600ACD793 /* MVHelper.swift */; };
		308270D61ADD81DA00ED5782 /* MVNotification.swift in Sources */ = {isa = PBXBuildFile; fileRef = 308270D51ADD81DA00ED5782 /* MVNotification.swift */; };
		30916FFB1AA8B9D0004D30D1 /* MenuController.swift in Sources */ = {isa = PBXBuildFile; fileRef = 30916FFA1AA8B9D0004D30D1 /* MenuController.swift */; };
		3091702F1AA8C097004D30D1 /* myVereinModel.xcdatamodeld in Sources */ = {isa = PBXBuildFile; fileRef = 3091702D1AA8C097004D30D1 /* myVereinModel.xcdatamodeld */; };
		309170341AA8D2B4004D30D1 /* MessageRepository.swift in Sources */ = {isa = PBXBuildFile; fileRef = 309170331AA8D2B4004D30D1 /* MessageRepository.swift */; };
		309256161AB098A400E55691 /* CoreDataRepository.swift in Sources */ = {isa = PBXBuildFile; fileRef = 309256151AB098A400E55691 /* CoreDataRepository.swift */; };
		309A8A7C1AB374040087CBC5 /* ChatViewController.swift in Sources */ = {isa = PBXBuildFile; fileRef = 309A8A7B1AB374040087CBC5 /* ChatViewController.swift */; };
		30A4F7D91AA97D400064EA2C /* MVNetworking.swift in Sources */ = {isa = PBXBuildFile; fileRef = 30A4F7D81AA97D400064EA2C /* MVNetworking.swift */; };
		30BAFEE51AA52828000D18EF /* ca-cert.cer in Resources */ = {isa = PBXBuildFile; fileRef = 30BAFEE11AA518EA000D18EF /* ca-cert.cer */; };
		30C2DA331ADEB440006A6143 /* MarshalOperator.swift in Sources */ = {isa = PBXBuildFile; fileRef = 30C2DA321ADEB440006A6143 /* MarshalOperator.swift */; };
		30F254E61AC7224E00E10CB9 /* SettingsViewController.swift in Sources */ = {isa = PBXBuildFile; fileRef = 30F254E51AC7224E00E10CB9 /* SettingsViewController.swift */; };
		30F254E81AC7271A00E10CB9 /* CalendarViewController.swift in Sources */ = {isa = PBXBuildFile; fileRef = 30F254E71AC7271A00E10CB9 /* CalendarViewController.swift */; };
		30FB44BB1AACC088003E4512 /* DivisionRepository.swift in Sources */ = {isa = PBXBuildFile; fileRef = 30FB44BA1AACC088003E4512 /* DivisionRepository.swift */; };
		30FB44BD1AACC096003E4512 /* UserRepository.swift in Sources */ = {isa = PBXBuildFile; fileRef = 30FB44BC1AACC096003E4512 /* UserRepository.swift */; };
		30FB44C31AACD897003E4512 /* User.swift in Sources */ = {isa = PBXBuildFile; fileRef = 30FB44C21AACD897003E4512 /* User.swift */; };
		30FB44C51AACD898003E4512 /* Message.swift in Sources */ = {isa = PBXBuildFile; fileRef = 30FB44C41AACD898003E4512 /* Message.swift */; };
		30FB44C71AACD898003E4512 /* Division.swift in Sources */ = {isa = PBXBuildFile; fileRef = 30FB44C61AACD898003E4512 /* Division.swift */; };
		669D9154C16CB2C002A6D28F /* Pods.framework in Frameworks */ = {isa = PBXBuildFile; fileRef = FE0498950F9A959DC502856B /* Pods.framework */; settings = {ATTRIBUTES = (Weak, ); }; };
/* End PBXBuildFile section */

/* Begin PBXContainerItemProxy section */
		3020CBB51A9E128A005AAEEF /* PBXContainerItemProxy */ = {
			isa = PBXContainerItemProxy;
			containerPortal = 3020CB971A9E1289005AAEEF /* Project object */;
			proxyType = 1;
			remoteGlobalIDString = 3020CB9E1A9E1289005AAEEF;
			remoteInfo = myVerein;
		};
/* End PBXContainerItemProxy section */

/* Begin PBXCopyFilesBuildPhase section */
		30D4E8EE1AB45939000F2C90 /* Embed Frameworks */ = {
			isa = PBXCopyFilesBuildPhase;
			buildActionMask = 2147483647;
			dstPath = "";
			dstSubfolderSpec = 10;
			files = (
			);
			name = "Embed Frameworks";
			runOnlyForDeploymentPostprocessing = 0;
		};
/* End PBXCopyFilesBuildPhase section */

/* Begin PBXFileReference section */
		301271591AA5C83C00C23AEF /* MVNetworkingSessionFactory.swift */ = {isa = PBXFileReference; fileEncoding = 4; lastKnownFileType = sourcecode.swift; path = MVNetworkingSessionFactory.swift; sourceTree = "<group>"; };
		30159BF81AD980010018419D /* ParticipantViewController.swift */ = {isa = PBXFileReference; fileEncoding = 4; lastKnownFileType = sourcecode.swift; path = ParticipantViewController.swift; sourceTree = "<group>"; };
		3016A03E1ADACFE800778769 /* InvitationViewController.swift */ = {isa = PBXFileReference; fileEncoding = 4; lastKnownFileType = sourcecode.swift; path = InvitationViewController.swift; sourceTree = "<group>"; };
		3016A0401ADAE17000778769 /* InvitationCell.swift */ = {isa = PBXFileReference; fileEncoding = 4; lastKnownFileType = sourcecode.swift; path = InvitationCell.swift; sourceTree = "<group>"; };
		3020CB9F1A9E1289005AAEEF /* myVerein.app */ = {isa = PBXFileReference; explicitFileType = wrapper.application; includeInIndex = 0; path = myVerein.app; sourceTree = BUILT_PRODUCTS_DIR; };
		3020CBA31A9E1289005AAEEF /* Info.plist */ = {isa = PBXFileReference; lastKnownFileType = text.plist.xml; path = Info.plist; sourceTree = "<group>"; };
		3020CBA41A9E1289005AAEEF /* AppDelegate.swift */ = {isa = PBXFileReference; lastKnownFileType = sourcecode.swift; path = AppDelegate.swift; sourceTree = "<group>"; };
		3020CBA61A9E1289005AAEEF /* LoginViewController.swift */ = {isa = PBXFileReference; lastKnownFileType = sourcecode.swift; path = LoginViewController.swift; sourceTree = "<group>"; };
		3020CBA91A9E1289005AAEEF /* Base */ = {isa = PBXFileReference; lastKnownFileType = file.storyboard; name = Base; path = Base.lproj/Main.storyboard; sourceTree = "<group>"; };
		3020CBAB1A9E1289005AAEEF /* Images.xcassets */ = {isa = PBXFileReference; lastKnownFileType = folder.assetcatalog; path = Images.xcassets; sourceTree = "<group>"; };
		3020CBAE1A9E1289005AAEEF /* Base */ = {isa = PBXFileReference; lastKnownFileType = file.xib; name = Base; path = Base.lproj/LaunchScreen.xib; sourceTree = "<group>"; };
		3020CBB41A9E128A005AAEEF /* myVereinTests.xctest */ = {isa = PBXFileReference; explicitFileType = wrapper.cfbundle; includeInIndex = 0; path = myVereinTests.xctest; sourceTree = BUILT_PRODUCTS_DIR; };
		3020CBB91A9E128A005AAEEF /* Info.plist */ = {isa = PBXFileReference; lastKnownFileType = text.plist.xml; path = Info.plist; sourceTree = "<group>"; };
		3020CBBA1A9E128A005AAEEF /* myVereinTests.swift */ = {isa = PBXFileReference; lastKnownFileType = sourcecode.swift; path = myVereinTests.swift; sourceTree = "<group>"; };
		302BE8C11AA642EB001D0FE7 /* DivisionChatCell.swift */ = {isa = PBXFileReference; fileEncoding = 4; lastKnownFileType = sourcecode.swift; path = DivisionChatCell.swift; sourceTree = "<group>"; };
		302BE8C31AA64599001D0FE7 /* DivisionChatOverviewViewController.swift */ = {isa = PBXFileReference; fileEncoding = 4; lastKnownFileType = sourcecode.swift; path = DivisionChatOverviewViewController.swift; sourceTree = "<group>"; };
		3032A9F41AD70B9100EEEAF4 /* EventViewController.swift */ = {isa = PBXFileReference; fileEncoding = 4; lastKnownFileType = sourcecode.swift; path = EventViewController.swift; sourceTree = "<group>"; };
		3035D66B1AC086E800C5C0FB /* MVColor.swift */ = {isa = PBXFileReference; fileEncoding = 4; lastKnownFileType = sourcecode.swift; path = MVColor.swift; sourceTree = "<group>"; };
		303EB9541AD03BF500B14B2F /* EventRepository.swift */ = {isa = PBXFileReference; fileEncoding = 4; lastKnownFileType = sourcecode.swift; path = EventRepository.swift; sourceTree = "<group>"; };
		304C577E1AACA3CC00B221D7 /* MVSecurity.swift */ = {isa = PBXFileReference; fileEncoding = 4; lastKnownFileType = sourcecode.swift; path = MVSecurity.swift; sourceTree = "<group>"; };
		3068A49F1ACBDD9F00A3F53D /* MVNetworkingSupportingClasses.swift */ = {isa = PBXFileReference; fileEncoding = 4; lastKnownFileType = sourcecode.swift; path = MVNetworkingSupportingClasses.swift; sourceTree = "<group>"; };
		3068A4A11ACBE9A900A3F53D /* Event.swift */ = {isa = PBXFileReference; fileEncoding = 4; lastKnownFileType = sourcecode.swift; path = Event.swift; sourceTree = "<group>"; };
		3068A4A31ACBEDBA00A3F53D /* MVUserDefaultsConstants.swift */ = {isa = PBXFileReference; fileEncoding = 4; lastKnownFileType = sourcecode.swift; path = MVUserDefaultsConstants.swift; sourceTree = "<group>"; };
		306FD7311AAA356000719B82 /* MVNetworkingHelper.swift */ = {isa = PBXFileReference; fileEncoding = 4; lastKnownFileType = sourcecode.swift; path = MVNetworkingHelper.swift; sourceTree = "<group>"; };
		306FD7331AAB0F4400719B82 /* MVError.swift */ = {isa = PBXFileReference; fileEncoding = 4; lastKnownFileType = sourcecode.swift; path = MVError.swift; sourceTree = "<group>"; };
		3079B1D91AAF242600ACD793 /* MVHelper.swift */ = {isa = PBXFileReference; fileEncoding = 4; lastKnownFileType = sourcecode.swift; path = MVHelper.swift; sourceTree = "<group>"; };
		308270D51ADD81DA00ED5782 /* MVNotification.swift */ = {isa = PBXFileReference; fileEncoding = 4; lastKnownFileType = sourcecode.swift; path = MVNotification.swift; sourceTree = "<group>"; };
		30916FFA1AA8B9D0004D30D1 /* MenuController.swift */ = {isa = PBXFileReference; fileEncoding = 4; lastKnownFileType = sourcecode.swift; path = MenuController.swift; sourceTree = "<group>"; };
		3091702E1AA8C097004D30D1 /* myVereinModel.xcdatamodel */ = {isa = PBXFileReference; lastKnownFileType = wrapper.xcdatamodel; path = myVereinModel.xcdatamodel; sourceTree = "<group>"; };
		309170331AA8D2B4004D30D1 /* MessageRepository.swift */ = {isa = PBXFileReference; fileEncoding = 4; lastKnownFileType = sourcecode.swift; path = MessageRepository.swift; sourceTree = "<group>"; };
		309256151AB098A400E55691 /* CoreDataRepository.swift */ = {isa = PBXFileReference; fileEncoding = 4; lastKnownFileType = sourcecode.swift; path = CoreDataRepository.swift; sourceTree = "<group>"; };
		309A8A7B1AB374040087CBC5 /* ChatViewController.swift */ = {isa = PBXFileReference; fileEncoding = 4; lastKnownFileType = sourcecode.swift; path = ChatViewController.swift; sourceTree = "<group>"; };
		30A4F7D81AA97D400064EA2C /* MVNetworking.swift */ = {isa = PBXFileReference; fileEncoding = 4; lastKnownFileType = sourcecode.swift; path = MVNetworking.swift; sourceTree = "<group>"; };
		30BAFEE11AA518EA000D18EF /* ca-cert.cer */ = {isa = PBXFileReference; lastKnownFileType = file; path = "ca-cert.cer"; sourceTree = "<group>"; };
		30C2DA321ADEB440006A6143 /* MarshalOperator.swift */ = {isa = PBXFileReference; fileEncoding = 4; lastKnownFileType = sourcecode.swift; path = MarshalOperator.swift; sourceTree = "<group>"; };
		30F254E51AC7224E00E10CB9 /* SettingsViewController.swift */ = {isa = PBXFileReference; fileEncoding = 4; lastKnownFileType = sourcecode.swift; path = SettingsViewController.swift; sourceTree = "<group>"; };
		30F254E71AC7271A00E10CB9 /* CalendarViewController.swift */ = {isa = PBXFileReference; fileEncoding = 4; lastKnownFileType = sourcecode.swift; path = CalendarViewController.swift; sourceTree = "<group>"; };
		30FB44BA1AACC088003E4512 /* DivisionRepository.swift */ = {isa = PBXFileReference; fileEncoding = 4; lastKnownFileType = sourcecode.swift; path = DivisionRepository.swift; sourceTree = "<group>"; };
		30FB44BC1AACC096003E4512 /* UserRepository.swift */ = {isa = PBXFileReference; fileEncoding = 4; lastKnownFileType = sourcecode.swift; path = UserRepository.swift; sourceTree = "<group>"; };
		30FB44C21AACD897003E4512 /* User.swift */ = {isa = PBXFileReference; fileEncoding = 4; lastKnownFileType = sourcecode.swift; path = User.swift; sourceTree = "<group>"; };
		30FB44C41AACD898003E4512 /* Message.swift */ = {isa = PBXFileReference; fileEncoding = 4; lastKnownFileType = sourcecode.swift; path = Message.swift; sourceTree = "<group>"; };
		30FB44C61AACD898003E4512 /* Division.swift */ = {isa = PBXFileReference; fileEncoding = 4; lastKnownFileType = sourcecode.swift; path = Division.swift; sourceTree = "<group>"; };
		38F4A086C692F4A87191BB5C /* Pods.release.xcconfig */ = {isa = PBXFileReference; includeInIndex = 1; lastKnownFileType = text.xcconfig; name = Pods.release.xcconfig; path = "Pods/Target Support Files/Pods/Pods.release.xcconfig"; sourceTree = "<group>"; };
		5DA33B30AC9FFB66D2664039 /* Pods.debug.xcconfig */ = {isa = PBXFileReference; includeInIndex = 1; lastKnownFileType = text.xcconfig; name = Pods.debug.xcconfig; path = "Pods/Target Support Files/Pods/Pods.debug.xcconfig"; sourceTree = "<group>"; };
		FE0498950F9A959DC502856B /* Pods.framework */ = {isa = PBXFileReference; explicitFileType = wrapper.framework; includeInIndex = 0; path = Pods.framework; sourceTree = BUILT_PRODUCTS_DIR; };
/* End PBXFileReference section */

/* Begin PBXFrameworksBuildPhase section */
		3020CB9C1A9E1289005AAEEF /* Frameworks */ = {
			isa = PBXFrameworksBuildPhase;
			buildActionMask = 2147483647;
			files = (
				669D9154C16CB2C002A6D28F /* Pods.framework in Frameworks */,
			);
			runOnlyForDeploymentPostprocessing = 0;
		};
		3020CBB11A9E128A005AAEEF /* Frameworks */ = {
			isa = PBXFrameworksBuildPhase;
			buildActionMask = 2147483647;
			files = (
			);
			runOnlyForDeploymentPostprocessing = 0;
		};
/* End PBXFrameworksBuildPhase section */

/* Begin PBXGroup section */
		18F6693D3B569EC6E7DBD91F /* Frameworks */ = {
			isa = PBXGroup;
			children = (
				FE0498950F9A959DC502856B /* Pods.framework */,
			);
			name = Frameworks;
			sourceTree = "<group>";
		};
		19678CBA8DF77BEC1FDB587D /* Pods */ = {
			isa = PBXGroup;
			children = (
				5DA33B30AC9FFB66D2664039 /* Pods.debug.xcconfig */,
				38F4A086C692F4A87191BB5C /* Pods.release.xcconfig */,
			);
			name = Pods;
			sourceTree = "<group>";
		};
		3012715B1AA5C85500C23AEF /* Networking */ = {
			isa = PBXGroup;
			children = (
				30A4F7D81AA97D400064EA2C /* MVNetworking.swift */,
				301271591AA5C83C00C23AEF /* MVNetworkingSessionFactory.swift */,
				306FD7311AAA356000719B82 /* MVNetworkingHelper.swift */,
				3068A49F1ACBDD9F00A3F53D /* MVNetworkingSupportingClasses.swift */,
			);
			name = Networking;
			sourceTree = "<group>";
		};
		3012715C1AA5C86400C23AEF /* ViewController */ = {
			isa = PBXGroup;
			children = (
				30F254E91AC7271F00E10CB9 /* Events */,
				30F254E41AC7222D00E10CB9 /* Settings */,
				30916FF91AA79F1E004D30D1 /* Chat */,
				30916FF81AA79F0A004D30D1 /* Login */,
				30916FFA1AA8B9D0004D30D1 /* MenuController.swift */,
			);
			name = ViewController;
			sourceTree = "<group>";
		};
		3020CB961A9E1289005AAEEF = {
			isa = PBXGroup;
			children = (
				3020CBA11A9E1289005AAEEF /* myVerein */,
				3020CBB71A9E128A005AAEEF /* myVereinTests */,
				3020CBA01A9E1289005AAEEF /* Products */,
				19678CBA8DF77BEC1FDB587D /* Pods */,
				18F6693D3B569EC6E7DBD91F /* Frameworks */,
			);
			sourceTree = "<group>";
		};
		3020CBA01A9E1289005AAEEF /* Products */ = {
			isa = PBXGroup;
			children = (
				3020CB9F1A9E1289005AAEEF /* myVerein.app */,
				3020CBB41A9E128A005AAEEF /* myVereinTests.xctest */,
			);
			name = Products;
			sourceTree = "<group>";
		};
		3020CBA11A9E1289005AAEEF /* myVerein */ = {
			isa = PBXGroup;
			children = (
				3012715C1AA5C86400C23AEF /* ViewController */,
				309170321AA8C7E4004D30D1 /* Model */,
				3012715B1AA5C85500C23AEF /* Networking */,
				30FB44BF1AACD212003E4512 /* View */,
				308270D41ADD812900ED5782 /* Supporting Classes */,
				3020CBA21A9E1289005AAEEF /* Supporting Files */,
			);
			path = myVerein;
			sourceTree = "<group>";
		};
		3020CBA21A9E1289005AAEEF /* Supporting Files */ = {
			isa = PBXGroup;
			children = (
				30BAFEE11AA518EA000D18EF /* ca-cert.cer */,
				3020CBA41A9E1289005AAEEF /* AppDelegate.swift */,
				3020CBAB1A9E1289005AAEEF /* Images.xcassets */,
				3091702D1AA8C097004D30D1 /* myVereinModel.xcdatamodeld */,
				3020CBA31A9E1289005AAEEF /* Info.plist */,
			);
			name = "Supporting Files";
			sourceTree = "<group>";
		};
		3020CBB71A9E128A005AAEEF /* myVereinTests */ = {
			isa = PBXGroup;
			children = (
				3020CBBA1A9E128A005AAEEF /* myVereinTests.swift */,
				3020CBB81A9E128A005AAEEF /* Supporting Files */,
			);
			path = myVereinTests;
			sourceTree = "<group>";
		};
		3020CBB81A9E128A005AAEEF /* Supporting Files */ = {
			isa = PBXGroup;
			children = (
				3020CBB91A9E128A005AAEEF /* Info.plist */,
			);
			name = "Supporting Files";
			sourceTree = "<group>";
		};
		308270D41ADD812900ED5782 /* Supporting Classes */ = {
			isa = PBXGroup;
			children = (
				306FD7331AAB0F4400719B82 /* MVError.swift */,
				3035D66B1AC086E800C5C0FB /* MVColor.swift */,
				304C577E1AACA3CC00B221D7 /* MVSecurity.swift */,
				3079B1D91AAF242600ACD793 /* MVHelper.swift */,
				3068A4A31ACBEDBA00A3F53D /* MVUserDefaultsConstants.swift */,
				308270D51ADD81DA00ED5782 /* MVNotification.swift */,
				30C2DA321ADEB440006A6143 /* MarshalOperator.swift */,
			);
			name = "Supporting Classes";
			sourceTree = "<group>";
		};
		308270D71ADD81F400ED5782 /* DivisionChatOverviewView */ = {
			isa = PBXGroup;
			children = (
				302BE8C31AA64599001D0FE7 /* DivisionChatOverviewViewController.swift */,
				302BE8C11AA642EB001D0FE7 /* DivisionChatCell.swift */,
			);
			name = DivisionChatOverviewView;
			sourceTree = "<group>";
		};
		308270D81ADD821300ED5782 /* InvitationView */ = {
			isa = PBXGroup;
			children = (
				3016A03E1ADACFE800778769 /* InvitationViewController.swift */,
				3016A0401ADAE17000778769 /* InvitationCell.swift */,
			);
			name = InvitationView;
			sourceTree = "<group>";
		};
		30916FF81AA79F0A004D30D1 /* Login */ = {
			isa = PBXGroup;
			children = (
				3020CBA61A9E1289005AAEEF /* LoginViewController.swift */,
			);
			name = Login;
			sourceTree = "<group>";
		};
		30916FF91AA79F1E004D30D1 /* Chat */ = {
			isa = PBXGroup;
			children = (
				308270D71ADD81F400ED5782 /* DivisionChatOverviewView */,
				309A8A7B1AB374040087CBC5 /* ChatViewController.swift */,
			);
			name = Chat;
			sourceTree = "<group>";
		};
		309170321AA8C7E4004D30D1 /* Model */ = {
			isa = PBXGroup;
			children = (
				30FB44C61AACD898003E4512 /* Division.swift */,
				30FB44C41AACD898003E4512 /* Message.swift */,
				30FB44C21AACD897003E4512 /* User.swift */,
				3068A4A11ACBE9A900A3F53D /* Event.swift */,
				30FB44BA1AACC088003E4512 /* DivisionRepository.swift */,
				309170331AA8D2B4004D30D1 /* MessageRepository.swift */,
				30FB44BC1AACC096003E4512 /* UserRepository.swift */,
				303EB9541AD03BF500B14B2F /* EventRepository.swift */,
				309256151AB098A400E55691 /* CoreDataRepository.swift */,
			);
			name = Model;
			sourceTree = "<group>";
		};
		30F254E41AC7222D00E10CB9 /* Settings */ = {
			isa = PBXGroup;
			children = (
				30F254E51AC7224E00E10CB9 /* SettingsViewController.swift */,
			);
			name = Settings;
			sourceTree = "<group>";
		};
		30F254E91AC7271F00E10CB9 /* Events */ = {
			isa = PBXGroup;
			children = (
				308270D81ADD821300ED5782 /* InvitationView */,
				30F254E71AC7271A00E10CB9 /* CalendarViewController.swift */,
				3032A9F41AD70B9100EEEAF4 /* EventViewController.swift */,
				30159BF81AD980010018419D /* ParticipantViewController.swift */,
			);
			name = Events;
			sourceTree = "<group>";
		};
		30FB44BF1AACD212003E4512 /* View */ = {
			isa = PBXGroup;
			children = (
				3020CBA81A9E1289005AAEEF /* Main.storyboard */,
				3020CBAD1A9E1289005AAEEF /* LaunchScreen.xib */,
			);
			name = View;
			sourceTree = "<group>";
		};
/* End PBXGroup section */

/* Begin PBXNativeTarget section */
		3020CB9E1A9E1289005AAEEF /* myVerein */ = {
			isa = PBXNativeTarget;
			buildConfigurationList = 3020CBBE1A9E128A005AAEEF /* Build configuration list for PBXNativeTarget "myVerein" */;
			buildPhases = (
				D28A6FE9D1E50763FE0AD141 /* Check Pods Manifest.lock */,
				3020CB9B1A9E1289005AAEEF /* Sources */,
				3020CB9C1A9E1289005AAEEF /* Frameworks */,
				3020CB9D1A9E1289005AAEEF /* Resources */,
				19C9BB18739ABCF4A60F39F1 /* Copy Pods Resources */,
				878C2CE25A9A36C5EC28190F /* Embed Pods Frameworks */,
				30D4E8EE1AB45939000F2C90 /* Embed Frameworks */,
			);
			buildRules = (
			);
			dependencies = (
			);
			name = myVerein;
			productName = myVerein;
			productReference = 3020CB9F1A9E1289005AAEEF /* myVerein.app */;
			productType = "com.apple.product-type.application";
		};
		3020CBB31A9E128A005AAEEF /* myVereinTests */ = {
			isa = PBXNativeTarget;
			buildConfigurationList = 3020CBC11A9E128A005AAEEF /* Build configuration list for PBXNativeTarget "myVereinTests" */;
			buildPhases = (
				3020CBB01A9E128A005AAEEF /* Sources */,
				3020CBB11A9E128A005AAEEF /* Frameworks */,
				3020CBB21A9E128A005AAEEF /* Resources */,
			);
			buildRules = (
			);
			dependencies = (
				3020CBB61A9E128A005AAEEF /* PBXTargetDependency */,
			);
			name = myVereinTests;
			productName = myVereinTests;
			productReference = 3020CBB41A9E128A005AAEEF /* myVereinTests.xctest */;
			productType = "com.apple.product-type.bundle.unit-test";
		};
/* End PBXNativeTarget section */

/* Begin PBXProject section */
		3020CB971A9E1289005AAEEF /* Project object */ = {
			isa = PBXProject;
			attributes = {
				LastUpgradeCheck = 0630;
				ORGANIZATIONNAME = steilerDev;
				TargetAttributes = {
					3020CB9E1A9E1289005AAEEF = {
						CreatedOnToolsVersion = 6.3;
						DevelopmentTeam = C23UW3NA42;
					};
					3020CBB31A9E128A005AAEEF = {
						CreatedOnToolsVersion = 6.3;
						TestTargetID = 3020CB9E1A9E1289005AAEEF;
					};
				};
			};
			buildConfigurationList = 3020CB9A1A9E1289005AAEEF /* Build configuration list for PBXProject "myVerein" */;
			compatibilityVersion = "Xcode 3.2";
			developmentRegion = English;
			hasScannedForEncodings = 0;
			knownRegions = (
				en,
				Base,
			);
			mainGroup = 3020CB961A9E1289005AAEEF;
			productRefGroup = 3020CBA01A9E1289005AAEEF /* Products */;
			projectDirPath = "";
			projectRoot = "";
			targets = (
				3020CB9E1A9E1289005AAEEF /* myVerein */,
				3020CBB31A9E128A005AAEEF /* myVereinTests */,
			);
		};
/* End PBXProject section */

/* Begin PBXResourcesBuildPhase section */
		3020CB9D1A9E1289005AAEEF /* Resources */ = {
			isa = PBXResourcesBuildPhase;
			buildActionMask = 2147483647;
			files = (
				30BAFEE51AA52828000D18EF /* ca-cert.cer in Resources */,
				3020CBAA1A9E1289005AAEEF /* Main.storyboard in Resources */,
				3020CBAF1A9E1289005AAEEF /* LaunchScreen.xib in Resources */,
				3020CBAC1A9E1289005AAEEF /* Images.xcassets in Resources */,
			);
			runOnlyForDeploymentPostprocessing = 0;
		};
		3020CBB21A9E128A005AAEEF /* Resources */ = {
			isa = PBXResourcesBuildPhase;
			buildActionMask = 2147483647;
			files = (
			);
			runOnlyForDeploymentPostprocessing = 0;
		};
/* End PBXResourcesBuildPhase section */

/* Begin PBXShellScriptBuildPhase section */
		19C9BB18739ABCF4A60F39F1 /* Copy Pods Resources */ = {
			isa = PBXShellScriptBuildPhase;
			buildActionMask = 2147483647;
			files = (
			);
			inputPaths = (
			);
			name = "Copy Pods Resources";
			outputPaths = (
			);
			runOnlyForDeploymentPostprocessing = 0;
			shellPath = /bin/sh;
			shellScript = "\"${SRCROOT}/Pods/Target Support Files/Pods/Pods-resources.sh\"\n";
			showEnvVarsInLog = 0;
		};
		878C2CE25A9A36C5EC28190F /* Embed Pods Frameworks */ = {
			isa = PBXShellScriptBuildPhase;
			buildActionMask = 2147483647;
			files = (
			);
			inputPaths = (
			);
			name = "Embed Pods Frameworks";
			outputPaths = (
			);
			runOnlyForDeploymentPostprocessing = 0;
			shellPath = /bin/sh;
			shellScript = "\"${SRCROOT}/Pods/Target Support Files/Pods/Pods-frameworks.sh\"\n";
			showEnvVarsInLog = 0;
		};
		D28A6FE9D1E50763FE0AD141 /* Check Pods Manifest.lock */ = {
			isa = PBXShellScriptBuildPhase;
			buildActionMask = 2147483647;
			files = (
			);
			inputPaths = (
			);
			name = "Check Pods Manifest.lock";
			outputPaths = (
			);
			runOnlyForDeploymentPostprocessing = 0;
			shellPath = /bin/sh;
			shellScript = "diff \"${PODS_ROOT}/../Podfile.lock\" \"${PODS_ROOT}/Manifest.lock\" > /dev/null\nif [[ $? != 0 ]] ; then\n    cat << EOM\nerror: The sandbox is not in sync with the Podfile.lock. Run 'pod install' or update your CocoaPods installation.\nEOM\n    exit 1\nfi\n";
			showEnvVarsInLog = 0;
		};
/* End PBXShellScriptBuildPhase section */

/* Begin PBXSourcesBuildPhase section */
		3020CB9B1A9E1289005AAEEF /* Sources */ = {
			isa = PBXSourcesBuildPhase;
			buildActionMask = 2147483647;
			files = (
				30F254E81AC7271A00E10CB9 /* CalendarViewController.swift in Sources */,
				3020CBA71A9E1289005AAEEF /* LoginViewController.swift in Sources */,
				3068A4A41ACBEDBA00A3F53D /* MVUserDefaultsConstants.swift in Sources */,
				30A4F7D91AA97D400064EA2C /* MVNetworking.swift in Sources */,
				30FB44C71AACD898003E4512 /* Division.swift in Sources */,
				30FB44C51AACD898003E4512 /* Message.swift in Sources */,
				3035D66C1AC086E800C5C0FB /* MVColor.swift in Sources */,
				30916FFB1AA8B9D0004D30D1 /* MenuController.swift in Sources */,
				3091702F1AA8C097004D30D1 /* myVereinModel.xcdatamodeld in Sources */,
				3032A9F51AD70B9100EEEAF4 /* EventViewController.swift in Sources */,
				302BE8C41AA64599001D0FE7 /* DivisionChatOverviewViewController.swift in Sources */,
				30FB44BD1AACC096003E4512 /* UserRepository.swift in Sources */,
				304C577F1AACA3CC00B221D7 /* MVSecurity.swift in Sources */,
				30159BF91AD980010018419D /* ParticipantViewController.swift in Sources */,
				309170341AA8D2B4004D30D1 /* MessageRepository.swift in Sources */,
				3068A4A21ACBE9A900A3F53D /* Event.swift in Sources */,
				309A8A7C1AB374040087CBC5 /* ChatViewController.swift in Sources */,
				309256161AB098A400E55691 /* CoreDataRepository.swift in Sources */,
				30FB44BB1AACC088003E4512 /* DivisionRepository.swift in Sources */,
				302BE8C21AA642EB001D0FE7 /* DivisionChatCell.swift in Sources */,
				30F254E61AC7224E00E10CB9 /* SettingsViewController.swift in Sources */,
				3016A03F1ADACFE800778769 /* InvitationViewController.swift in Sources */,
				30C2DA331ADEB440006A6143 /* MarshalOperator.swift in Sources */,
				3079B1DA1AAF242600ACD793 /* MVHelper.swift in Sources */,
				3012715A1AA5C83C00C23AEF /* MVNetworkingSessionFactory.swift in Sources */,
				306FD7321AAA356000719B82 /* MVNetworkingHelper.swift in Sources */,
				308270D61ADD81DA00ED5782 /* MVNotification.swift in Sources */,
				303EB9551AD03BF500B14B2F /* EventRepository.swift in Sources */,
				30FB44C31AACD897003E4512 /* User.swift in Sources */,
				306FD7341AAB0F4400719B82 /* MVError.swift in Sources */,
				3068A4A01ACBDD9F00A3F53D /* MVNetworkingSupportingClasses.swift in Sources */,
				3020CBA51A9E1289005AAEEF /* AppDelegate.swift in Sources */,
				3016A0411ADAE17000778769 /* InvitationCell.swift in Sources */,
			);
			runOnlyForDeploymentPostprocessing = 0;
		};
		3020CBB01A9E128A005AAEEF /* Sources */ = {
			isa = PBXSourcesBuildPhase;
			buildActionMask = 2147483647;
			files = (
				3020CBBB1A9E128A005AAEEF /* myVereinTests.swift in Sources */,
			);
			runOnlyForDeploymentPostprocessing = 0;
		};
/* End PBXSourcesBuildPhase section */

/* Begin PBXTargetDependency section */
		3020CBB61A9E128A005AAEEF /* PBXTargetDependency */ = {
			isa = PBXTargetDependency;
			target = 3020CB9E1A9E1289005AAEEF /* myVerein */;
			targetProxy = 3020CBB51A9E128A005AAEEF /* PBXContainerItemProxy */;
		};
/* End PBXTargetDependency section */

/* Begin PBXVariantGroup section */
		3020CBA81A9E1289005AAEEF /* Main.storyboard */ = {
			isa = PBXVariantGroup;
			children = (
				3020CBA91A9E1289005AAEEF /* Base */,
			);
			name = Main.storyboard;
			sourceTree = "<group>";
		};
		3020CBAD1A9E1289005AAEEF /* LaunchScreen.xib */ = {
			isa = PBXVariantGroup;
			children = (
				3020CBAE1A9E1289005AAEEF /* Base */,
			);
			name = LaunchScreen.xib;
			sourceTree = "<group>";
		};
/* End PBXVariantGroup section */

/* Begin XCBuildConfiguration section */
		3020CBBC1A9E128A005AAEEF /* Debug */ = {
			isa = XCBuildConfiguration;
			buildSettings = {
				ALWAYS_SEARCH_USER_PATHS = NO;
				CLANG_CXX_LANGUAGE_STANDARD = "gnu++0x";
				CLANG_CXX_LIBRARY = "libc++";
				CLANG_ENABLE_MODULES = YES;
				CLANG_ENABLE_OBJC_ARC = YES;
				CLANG_WARN_BOOL_CONVERSION = YES;
				CLANG_WARN_CONSTANT_CONVERSION = YES;
				CLANG_WARN_DIRECT_OBJC_ISA_USAGE = YES_ERROR;
				CLANG_WARN_EMPTY_BODY = YES;
				CLANG_WARN_ENUM_CONVERSION = YES;
				CLANG_WARN_INT_CONVERSION = YES;
				CLANG_WARN_OBJC_ROOT_CLASS = YES_ERROR;
				CLANG_WARN_UNREACHABLE_CODE = YES;
				CLANG_WARN__DUPLICATE_METHOD_MATCH = YES;
				"CODE_SIGN_IDENTITY[sdk=iphoneos*]" = "iPhone Developer";
				COPY_PHASE_STRIP = NO;
				DEBUG_INFORMATION_FORMAT = dwarf;
				ENABLE_STRICT_OBJC_MSGSEND = YES;
				GCC_C_LANGUAGE_STANDARD = gnu99;
				GCC_DYNAMIC_NO_PIC = NO;
				GCC_OPTIMIZATION_LEVEL = 0;
				GCC_PREPROCESSOR_DEFINITIONS = (
					"DEBUG=1",
					"$(inherited)",
				);
				GCC_SYMBOLS_PRIVATE_EXTERN = NO;
				GCC_WARN_64_TO_32_BIT_CONVERSION = YES;
				GCC_WARN_ABOUT_RETURN_TYPE = YES_ERROR;
				GCC_WARN_UNDECLARED_SELECTOR = YES;
				GCC_WARN_UNINITIALIZED_AUTOS = YES_AGGRESSIVE;
				GCC_WARN_UNUSED_FUNCTION = YES;
				GCC_WARN_UNUSED_VARIABLE = YES;
				IPHONEOS_DEPLOYMENT_TARGET = 8.3;
				MTL_ENABLE_DEBUG_INFO = YES;
				ONLY_ACTIVE_ARCH = YES;
				SDKROOT = iphoneos;
				SWIFT_OPTIMIZATION_LEVEL = "-Onone";
				TARGETED_DEVICE_FAMILY = "1,2";
			};
			name = Debug;
		};
		3020CBBD1A9E128A005AAEEF /* Release */ = {
			isa = XCBuildConfiguration;
			buildSettings = {
				ALWAYS_SEARCH_USER_PATHS = NO;
				CLANG_CXX_LANGUAGE_STANDARD = "gnu++0x";
				CLANG_CXX_LIBRARY = "libc++";
				CLANG_ENABLE_MODULES = YES;
				CLANG_ENABLE_OBJC_ARC = YES;
				CLANG_WARN_BOOL_CONVERSION = YES;
				CLANG_WARN_CONSTANT_CONVERSION = YES;
				CLANG_WARN_DIRECT_OBJC_ISA_USAGE = YES_ERROR;
				CLANG_WARN_EMPTY_BODY = YES;
				CLANG_WARN_ENUM_CONVERSION = YES;
				CLANG_WARN_INT_CONVERSION = YES;
				CLANG_WARN_OBJC_ROOT_CLASS = YES_ERROR;
				CLANG_WARN_UNREACHABLE_CODE = YES;
				CLANG_WARN__DUPLICATE_METHOD_MATCH = YES;
				"CODE_SIGN_IDENTITY[sdk=iphoneos*]" = "iPhone Developer";
				COPY_PHASE_STRIP = NO;
				DEBUG_INFORMATION_FORMAT = "dwarf-with-dsym";
				ENABLE_NS_ASSERTIONS = NO;
				ENABLE_STRICT_OBJC_MSGSEND = YES;
				GCC_C_LANGUAGE_STANDARD = gnu99;
				GCC_WARN_64_TO_32_BIT_CONVERSION = YES;
				GCC_WARN_ABOUT_RETURN_TYPE = YES_ERROR;
				GCC_WARN_UNDECLARED_SELECTOR = YES;
				GCC_WARN_UNINITIALIZED_AUTOS = YES_AGGRESSIVE;
				GCC_WARN_UNUSED_FUNCTION = YES;
				GCC_WARN_UNUSED_VARIABLE = YES;
				IPHONEOS_DEPLOYMENT_TARGET = 8.3;
				MTL_ENABLE_DEBUG_INFO = NO;
				SDKROOT = iphoneos;
				TARGETED_DEVICE_FAMILY = "1,2";
				VALIDATE_PRODUCT = YES;
			};
			name = Release;
		};
		3020CBBF1A9E128A005AAEEF /* Debug */ = {
			isa = XCBuildConfiguration;
			baseConfigurationReference = 5DA33B30AC9FFB66D2664039 /* Pods.debug.xcconfig */;
			buildSettings = {
				ASSETCATALOG_COMPILER_APPICON_NAME = AppIcon;
				CODE_SIGN_IDENTITY = "iPhone Developer";
				"CODE_SIGN_IDENTITY[sdk=iphoneos*]" = "iPhone Developer";
				FRAMEWORK_SEARCH_PATHS = (
					"$(inherited)",
					"$(USER_LIBRARY_DIR)/Developer/Xcode/DerivedData/myVerein-fjumogbovoaqtlaguqenwejpzlol/Build/Products/Debug-iphoneos",
				);
				INFOPLIST_FILE = myVerein/Info.plist;
				IPHONEOS_DEPLOYMENT_TARGET = 8.1;
				LD_RUNPATH_SEARCH_PATHS = "$(inherited) @executable_path/Frameworks";
				PRODUCT_NAME = "$(TARGET_NAME)";
				PROVISIONING_PROFILE = "";
				SWIFT_OBJC_BRIDGING_HEADER = "";
				TARGETED_DEVICE_FAMILY = 1;
			};
			name = Debug;
		};
		3020CBC01A9E128A005AAEEF /* Release */ = {
			isa = XCBuildConfiguration;
			baseConfigurationReference = 38F4A086C692F4A87191BB5C /* Pods.release.xcconfig */;
			buildSettings = {
				ASSETCATALOG_COMPILER_APPICON_NAME = AppIcon;
				CODE_SIGN_IDENTITY = "iPhone Developer";
				"CODE_SIGN_IDENTITY[sdk=iphoneos*]" = "iPhone Developer";
				FRAMEWORK_SEARCH_PATHS = (
					"$(inherited)",
					"$(USER_LIBRARY_DIR)/Developer/Xcode/DerivedData/myVerein-fjumogbovoaqtlaguqenwejpzlol/Build/Products/Debug-iphoneos",
				);
				INFOPLIST_FILE = myVerein/Info.plist;
				IPHONEOS_DEPLOYMENT_TARGET = 8.1;
				LD_RUNPATH_SEARCH_PATHS = "$(inherited) @executable_path/Frameworks";
				PRODUCT_NAME = "$(TARGET_NAME)";
				PROVISIONING_PROFILE = "";
				SWIFT_OBJC_BRIDGING_HEADER = "";
				TARGETED_DEVICE_FAMILY = 1;
			};
			name = Release;
		};
		3020CBC21A9E128A005AAEEF /* Debug */ = {
			isa = XCBuildConfiguration;
			buildSettings = {
				BUNDLE_LOADER = "$(TEST_HOST)";
				FRAMEWORK_SEARCH_PATHS = (
					"$(SDKROOT)/Developer/Library/Frameworks",
					"$(inherited)",
				);
				GCC_PREPROCESSOR_DEFINITIONS = (
					"DEBUG=1",
					"$(inherited)",
				);
				INFOPLIST_FILE = myVereinTests/Info.plist;
				LD_RUNPATH_SEARCH_PATHS = "$(inherited) @executable_path/Frameworks @loader_path/Frameworks";
				PRODUCT_NAME = "$(TARGET_NAME)";
				TEST_HOST = "$(BUILT_PRODUCTS_DIR)/myVerein.app/myVerein";
			};
			name = Debug;
		};
		3020CBC31A9E128A005AAEEF /* Release */ = {
			isa = XCBuildConfiguration;
			buildSettings = {
				BUNDLE_LOADER = "$(TEST_HOST)";
				FRAMEWORK_SEARCH_PATHS = (
					"$(SDKROOT)/Developer/Library/Frameworks",
					"$(inherited)",
				);
				INFOPLIST_FILE = myVereinTests/Info.plist;
				LD_RUNPATH_SEARCH_PATHS = "$(inherited) @executable_path/Frameworks @loader_path/Frameworks";
				PRODUCT_NAME = "$(TARGET_NAME)";
				TEST_HOST = "$(BUILT_PRODUCTS_DIR)/myVerein.app/myVerein";
			};
			name = Release;
		};
/* End XCBuildConfiguration section */

/* Begin XCConfigurationList section */
		3020CB9A1A9E1289005AAEEF /* Build configuration list for PBXProject "myVerein" */ = {
			isa = XCConfigurationList;
			buildConfigurations = (
				3020CBBC1A9E128A005AAEEF /* Debug */,
				3020CBBD1A9E128A005AAEEF /* Release */,
			);
			defaultConfigurationIsVisible = 0;
			defaultConfigurationName = Release;
		};
		3020CBBE1A9E128A005AAEEF /* Build configuration list for PBXNativeTarget "myVerein" */ = {
			isa = XCConfigurationList;
			buildConfigurations = (
				3020CBBF1A9E128A005AAEEF /* Debug */,
				3020CBC01A9E128A005AAEEF /* Release */,
			);
			defaultConfigurationIsVisible = 0;
			defaultConfigurationName = Release;
		};
		3020CBC11A9E128A005AAEEF /* Build configuration list for PBXNativeTarget "myVereinTests" */ = {
			isa = XCConfigurationList;
			buildConfigurations = (
				3020CBC21A9E128A005AAEEF /* Debug */,
				3020CBC31A9E128A005AAEEF /* Release */,
			);
			defaultConfigurationIsVisible = 0;
			defaultConfigurationName = Release;
		};
/* End XCConfigurationList section */

/* Begin XCVersionGroup section */
		3091702D1AA8C097004D30D1 /* myVereinModel.xcdatamodeld */ = {
			isa = XCVersionGroup;
			children = (
				3091702E1AA8C097004D30D1 /* myVereinModel.xcdatamodel */,
			);
			currentVersion = 3091702E1AA8C097004D30D1 /* myVereinModel.xcdatamodel */;
			path = myVereinModel.xcdatamodeld;
			sourceTree = "<group>";
			versionGroupType = wrapper.xcdatamodel;
		};
/* End XCVersionGroup section */
	};
	rootObject = 3020CB971A9E1289005AAEEF /* Project object */;
}
